
Microsoft Visual Studio Solution File, Format Version 12.00
# Visual Studio Version 17
VisualStudioVersion = 17.8.34309.116
MinimumVisualStudioVersion = 10.0.40219.1
Project("{FAE04EC0-301F-11D3-BF4B-00C04F79EFBC}") = "Mitarbeiterverwaltung", "Mitarbeiterverwaltung\Mitarbeiterverwaltung.csproj", "{12D401D3-1F65-4D67-B6C0-EF6D73F6AB4C}"
EndProject
Global
	GlobalSection(SolutionConfigurationPlatforms) = preSolution
		Debug|Any CPU = Debug|Any CPU
		Release|Any CPU = Release|Any CPU
	EndGlobalSection
	GlobalSection(ProjectConfigurationPlatforms) = postSolution
		{12D401D3-1F65-4D67-B6C0-EF6D73F6AB4C}.Debug|Any CPU.ActiveCfg = Debug|Any CPU
		{12D401D3-1F65-4D67-B6C0-EF6D73F6AB4C}.Debug|Any CPU.Build.0 = Debug|Any CPU
		{12D401D3-1F65-4D67-B6C0-EF6D73F6AB4C}.Release|Any CPU.ActiveCfg = Release|Any CPU
		{12D401D3-1F65-4D67-B6C0-EF6D73F6AB4C}.Release|Any CPU.Build.0 = Release|Any CPU
	EndGlobalSection
	GlobalSection(SolutionProperties) = preSolution
		HideSolutionNode = FALSE
	EndGlobalSection
	GlobalSection(ExtensibilityGlobals) = postSolution
		SolutionGuid = {6DFBC423-8991-462A-AC56-92E984F375D0}
	EndGlobalSection
EndGlobal
